// !$*UTF8*$!
{
	archiveVersion = 1;
	classes = {
	};
	objectVersion = 56;
	objects = {

/* Begin PBXBuildFile section */
		436E6AF029FBF59E007C6F7A /* HexagonParameters.swift in Sources */ = {isa = PBXBuildFile; fileRef = 436E6AEF29FBF59E007C6F7A /* HexagonParameters.swift */; };
		436E6AF229FBF636007C6F7A /* BadgeBackground.swift in Sources */ = {isa = PBXBuildFile; fileRef = 436E6AF129FBF636007C6F7A /* BadgeBackground.swift */; };
		439AFDAC29FADC8600933647 /* LandmarksApp.swift in Sources */ = {isa = PBXBuildFile; fileRef = 439AFDAB29FADC8600933647 /* LandmarksApp.swift */; };
		439AFDAE29FADC8600933647 /* ContentView.swift in Sources */ = {isa = PBXBuildFile; fileRef = 439AFDAD29FADC8600933647 /* ContentView.swift */; };
		439AFDB029FADC8800933647 /* Assets.xcassets in Resources */ = {isa = PBXBuildFile; fileRef = 439AFDAF29FADC8800933647 /* Assets.xcassets */; };
		439AFDB329FADC8800933647 /* Preview Assets.xcassets in Resources */ = {isa = PBXBuildFile; fileRef = 439AFDB229FADC8800933647 /* Preview Assets.xcassets */; };
		439AFDBA29FAEB0C00933647 /* CircleImage.swift in Sources */ = {isa = PBXBuildFile; fileRef = 439AFDB929FAEB0C00933647 /* CircleImage.swift */; };
		439AFDBC29FAEB9D00933647 /* MapView.swift in Sources */ = {isa = PBXBuildFile; fileRef = 439AFDBB29FAEB9D00933647 /* MapView.swift */; };
		439AFDC029FAF39400933647 /* landmarkData.json in Resources */ = {isa = PBXBuildFile; fileRef = 439AFDBF29FAF39400933647 /* landmarkData.json */; };
		439AFDC229FAF3A700933647 /* Landmark.swift in Sources */ = {isa = PBXBuildFile; fileRef = 439AFDC129FAF3A700933647 /* Landmark.swift */; };
		439AFDC429FAF4E300933647 /* ModelData.swift in Sources */ = {isa = PBXBuildFile; fileRef = 439AFDC329FAF4E300933647 /* ModelData.swift */; };
		439AFDC829FAF58300933647 /* LandmarkRow.swift in Sources */ = {isa = PBXBuildFile; fileRef = 439AFDC729FAF58300933647 /* LandmarkRow.swift */; };
		439AFDCA29FAF91100933647 /* LandmarkList.swift in Sources */ = {isa = PBXBuildFile; fileRef = 439AFDC929FAF91100933647 /* LandmarkList.swift */; };
		439AFDCC29FAFAF200933647 /* LandmarkDetail.swift in Sources */ = {isa = PBXBuildFile; fileRef = 439AFDCB29FAFAF200933647 /* LandmarkDetail.swift */; };
		439AFDCE29FB384D00933647 /* FavoriteButton.swift in Sources */ = {isa = PBXBuildFile; fileRef = 439AFDCD29FB384D00933647 /* FavoriteButton.swift */; };
/* End PBXBuildFile section */

/* Begin PBXFileReference section */
		436E6AEF29FBF59E007C6F7A /* HexagonParameters.swift */ = {isa = PBXFileReference; lastKnownFileType = sourcecode.swift; path = HexagonParameters.swift; sourceTree = "<group>"; };
		436E6AF129FBF636007C6F7A /* BadgeBackground.swift */ = {isa = PBXFileReference; lastKnownFileType = sourcecode.swift; path = BadgeBackground.swift; sourceTree = "<group>"; };
		439AFDA829FADC8600933647 /* Landmarks.app */ = {isa = PBXFileReference; explicitFileType = wrapper.application; includeInIndex = 0; path = Landmarks.app; sourceTree = BUILT_PRODUCTS_DIR; };
		439AFDAB29FADC8600933647 /* LandmarksApp.swift */ = {isa = PBXFileReference; lastKnownFileType = sourcecode.swift; path = LandmarksApp.swift; sourceTree = "<group>"; };
		439AFDAD29FADC8600933647 /* ContentView.swift */ = {isa = PBXFileReference; lastKnownFileType = sourcecode.swift; path = ContentView.swift; sourceTree = "<group>"; };
		439AFDAF29FADC8800933647 /* Assets.xcassets */ = {isa = PBXFileReference; lastKnownFileType = folder.assetcatalog; path = Assets.xcassets; sourceTree = "<group>"; };
		439AFDB229FADC8800933647 /* Preview Assets.xcassets */ = {isa = PBXFileReference; lastKnownFileType = folder.assetcatalog; path = "Preview Assets.xcassets"; sourceTree = "<group>"; };
		439AFDB929FAEB0C00933647 /* CircleImage.swift */ = {isa = PBXFileReference; lastKnownFileType = sourcecode.swift; path = CircleImage.swift; sourceTree = "<group>"; };
		439AFDBB29FAEB9D00933647 /* MapView.swift */ = {isa = PBXFileReference; lastKnownFileType = sourcecode.swift; path = MapView.swift; sourceTree = "<group>"; };
		439AFDBF29FAF39400933647 /* landmarkData.json */ = {isa = PBXFileReference; fileEncoding = 4; lastKnownFileType = text.json; path = landmarkData.json; sourceTree = "<group>"; };
		439AFDC129FAF3A700933647 /* Landmark.swift */ = {isa = PBXFileReference; lastKnownFileType = sourcecode.swift; path = Landmark.swift; sourceTree = "<group>"; };
		439AFDC329FAF4E300933647 /* ModelData.swift */ = {isa = PBXFileReference; lastKnownFileType = sourcecode.swift; path = ModelData.swift; sourceTree = "<group>"; };
		439AFDC729FAF58300933647 /* LandmarkRow.swift */ = {isa = PBXFileReference; lastKnownFileType = sourcecode.swift; path = LandmarkRow.swift; sourceTree = "<group>"; };
		439AFDC929FAF91100933647 /* LandmarkList.swift */ = {isa = PBXFileReference; lastKnownFileType = sourcecode.swift; path = LandmarkList.swift; sourceTree = "<group>"; };
		439AFDCB29FAFAF200933647 /* LandmarkDetail.swift */ = {isa = PBXFileReference; lastKnownFileType = sourcecode.swift; path = LandmarkDetail.swift; sourceTree = "<group>"; };
		439AFDCD29FB384D00933647 /* FavoriteButton.swift */ = {isa = PBXFileReference; lastKnownFileType = sourcecode.swift; path = FavoriteButton.swift; sourceTree = "<group>"; };
/* End PBXFileReference section */

/* Begin PBXFrameworksBuildPhase section */
		439AFDA529FADC8600933647 /* Frameworks */ = {
			isa = PBXFrameworksBuildPhase;
			buildActionMask = 2147483647;
			files = (
			);
			runOnlyForDeploymentPostprocessing = 0;
		};
/* End PBXFrameworksBuildPhase section */

/* Begin PBXGroup section */
		439AFD9F29FADC8600933647 = {
			isa = PBXGroup;
			children = (
				439AFDAA29FADC8600933647 /* Landmarks */,
				439AFDA929FADC8600933647 /* Products */,
			);
			sourceTree = "<group>";
		};
		439AFDA929FADC8600933647 /* Products */ = {
			isa = PBXGroup;
			children = (
				439AFDA829FADC8600933647 /* Landmarks.app */,
			);
			name = Products;
			sourceTree = "<group>";
		};
		439AFDAA29FADC8600933647 /* Landmarks */ = {
			isa = PBXGroup;
			children = (
				439AFDC629FAF53800933647 /* Model */,
				439AFDC529FAF52400933647 /* Views */,
				439AFDBE29FAF36300933647 /* Resources */,
				439AFDAB29FADC8600933647 /* LandmarksApp.swift */,
				439AFDAF29FADC8800933647 /* Assets.xcassets */,
				439AFDB129FADC8800933647 /* Preview Content */,
			);
			path = Landmarks;
			sourceTree = "<group>";
		};
		439AFDB129FADC8800933647 /* Preview Content */ = {
			isa = PBXGroup;
			children = (
				439AFDB229FADC8800933647 /* Preview Assets.xcassets */,
			);
			path = "Preview Content";
			sourceTree = "<group>";
		};
		439AFDBE29FAF36300933647 /* Resources */ = {
			isa = PBXGroup;
			children = (
				439AFDBF29FAF39400933647 /* landmarkData.json */,
			);
			path = Resources;
			sourceTree = "<group>";
		};
		439AFDC529FAF52400933647 /* Views */ = {
			isa = PBXGroup;
			children = (
				439AFDD029FB38E500933647 /* Helpers */,
				439AFDCF29FB38D600933647 /* Landmarks */,
				439AFDAD29FADC8600933647 /* ContentView.swift */,
				436E6AEF29FBF59E007C6F7A /* HexagonParameters.swift */,
				436E6AF129FBF636007C6F7A /* BadgeBackground.swift */,
			);
			path = Views;
			sourceTree = "<group>";
		};
		439AFDC629FAF53800933647 /* Model */ = {
			isa = PBXGroup;
			children = (
				439AFDC129FAF3A700933647 /* Landmark.swift */,
				439AFDC329FAF4E300933647 /* ModelData.swift */,
			);
			path = Model;
			sourceTree = "<group>";
		};
		439AFDCF29FB38D600933647 /* Landmarks */ = {
			isa = PBXGroup;
			children = (
				439AFDC729FAF58300933647 /* LandmarkRow.swift */,
				439AFDC929FAF91100933647 /* LandmarkList.swift */,
				439AFDCB29FAFAF200933647 /* LandmarkDetail.swift */,
			);
			path = Landmarks;
			sourceTree = "<group>";
		};
		439AFDD029FB38E500933647 /* Helpers */ = {
			isa = PBXGroup;
			children = (
				439AFDB929FAEB0C00933647 /* CircleImage.swift */,
				439AFDBB29FAEB9D00933647 /* MapView.swift */,
				439AFDCD29FB384D00933647 /* FavoriteButton.swift */,
			);
			path = Helpers;
			sourceTree = "<group>";
		};
/* End PBXGroup section */

/* Begin PBXNativeTarget section */
		439AFDA729FADC8600933647 /* Landmarks */ = {
			isa = PBXNativeTarget;
			buildConfigurationList = 439AFDB629FADC8800933647 /* Build configuration list for PBXNativeTarget "Landmarks" */;
			buildPhases = (
				439AFDA429FADC8600933647 /* Sources */,
				439AFDA529FADC8600933647 /* Frameworks */,
				439AFDA629FADC8600933647 /* Resources */,
			);
			buildRules = (
			);
			dependencies = (
			);
			name = Landmarks;
			productName = Landmarks;
			productReference = 439AFDA829FADC8600933647 /* Landmarks.app */;
			productType = "com.apple.product-type.application";
		};
/* End PBXNativeTarget section */

/* Begin PBXProject section */
		439AFDA029FADC8600933647 /* Project object */ = {
			isa = PBXProject;
			attributes = {
				BuildIndependentTargetsInParallel = 1;
				LastSwiftUpdateCheck = 1430;
				LastUpgradeCheck = 1430;
				TargetAttributes = {
					439AFDA729FADC8600933647 = {
						CreatedOnToolsVersion = 14.3;
					};
				};
			};
			buildConfigurationList = 439AFDA329FADC8600933647 /* Build configuration list for PBXProject "Landmarks" */;
			compatibilityVersion = "Xcode 14.0";
			developmentRegion = en;
			hasScannedForEncodings = 0;
			knownRegions = (
				en,
				Base,
			);
			mainGroup = 439AFD9F29FADC8600933647;
			productRefGroup = 439AFDA929FADC8600933647 /* Products */;
			projectDirPath = "";
			projectRoot = "";
			targets = (
				439AFDA729FADC8600933647 /* Landmarks */,
			);
		};
/* End PBXProject section */

/* Begin PBXResourcesBuildPhase section */
		439AFDA629FADC8600933647 /* Resources */ = {
			isa = PBXResourcesBuildPhase;
			buildActionMask = 2147483647;
			files = (
				439AFDB329FADC8800933647 /* Preview Assets.xcassets in Resources */,
				439AFDB029FADC8800933647 /* Assets.xcassets in Resources */,
				439AFDC029FAF39400933647 /* landmarkData.json in Resources */,
			);
			runOnlyForDeploymentPostprocessing = 0;
		};
/* End PBXResourcesBuildPhase section */

/* Begin PBXSourcesBuildPhase section */
		439AFDA429FADC8600933647 /* Sources */ = {
			isa = PBXSourcesBuildPhase;
			buildActionMask = 2147483647;
			files = (
				439AFDAE29FADC8600933647 /* ContentView.swift in Sources */,
				439AFDBC29FAEB9D00933647 /* MapView.swift in Sources */,
				439AFDAC29FADC8600933647 /* LandmarksApp.swift in Sources */,
				439AFDCE29FB384D00933647 /* FavoriteButton.swift in Sources */,
				436E6AF029FBF59E007C6F7A /* HexagonParameters.swift in Sources */,
				439AFDCA29FAF91100933647 /* LandmarkList.swift in Sources */,
				439AFDCC29FAFAF200933647 /* LandmarkDetail.swift in Sources */,
				436E6AF229FBF636007C6F7A /* BadgeBackground.swift in Sources */,
				439AFDBA29FAEB0C00933647 /* CircleImage.swift in Sources */,
				439AFDC229FAF3A700933647 /* Landmark.swift in Sources */,
				439AFDC829FAF58300933647 /* LandmarkRow.swift in Sources */,
				439AFDC429FAF4E300933647 /* ModelData.swift in Sources */,
			);
			runOnlyForDeploymentPostprocessing = 0;
		};
/* End PBXSourcesBuildPhase section */

/* Begin XCBuildConfiguration section */
		439AFDB429FADC8800933647 /* Debug */ = {
			isa = XCBuildConfiguration;
			buildSettings = {
				ALWAYS_SEARCH_USER_PATHS = NO;
				CLANG_ANALYZER_NONNULL = YES;
				CLANG_ANALYZER_NUMBER_OBJECT_CONVERSION = YES_AGGRESSIVE;
				CLANG_CXX_LANGUAGE_STANDARD = "gnu++20";
				CLANG_ENABLE_MODULES = YES;
				CLANG_ENABLE_OBJC_ARC = YES;
				CLANG_ENABLE_OBJC_WEAK = YES;
				CLANG_WARN_BLOCK_CAPTURE_AUTORELEASING = YES;
				CLANG_WARN_BOOL_CONVERSION = YES;
				CLANG_WARN_COMMA = YES;
				CLANG_WARN_CONSTANT_CONVERSION = YES;
				CLANG_WARN_DEPRECATED_OBJC_IMPLEMENTATIONS = YES;
				CLANG_WARN_DIRECT_OBJC_ISA_USAGE = YES_ERROR;
				CLANG_WARN_DOCUMENTATION_COMMENTS = YES;
				CLANG_WARN_EMPTY_BODY = YES;
				CLANG_WARN_ENUM_CONVERSION = YES;
				CLANG_WARN_INFINITE_RECURSION = YES;
				CLANG_WARN_INT_CONVERSION = YES;
				CLANG_WARN_NON_LITERAL_NULL_CONVERSION = YES;
				CLANG_WARN_OBJC_IMPLICIT_RETAIN_SELF = YES;
				CLANG_WARN_OBJC_LITERAL_CONVERSION = YES;
				CLANG_WARN_OBJC_ROOT_CLASS = YES_ERROR;
				CLANG_WARN_QUOTED_INCLUDE_IN_FRAMEWORK_HEADER = YES;
				CLANG_WARN_RANGE_LOOP_ANALYSIS = YES;
				CLANG_WARN_STRICT_PROTOTYPES = YES;
				CLANG_WARN_SUSPICIOUS_MOVE = YES;
				CLANG_WARN_UNGUARDED_AVAILABILITY = YES_AGGRESSIVE;
				CLANG_WARN_UNREACHABLE_CODE = YES;
				CLANG_WARN__DUPLICATE_METHOD_MATCH = YES;
				COPY_PHASE_STRIP = NO;
				DEBUG_INFORMATION_FORMAT = dwarf;
				ENABLE_STRICT_OBJC_MSGSEND = YES;
				ENABLE_TESTABILITY = YES;
				GCC_C_LANGUAGE_STANDARD = gnu11;
				GCC_DYNAMIC_NO_PIC = NO;
				GCC_NO_COMMON_BLOCKS = YES;
				GCC_OPTIMIZATION_LEVEL = 0;
				GCC_PREPROCESSOR_DEFINITIONS = (
					"DEBUG=1",
					"$(inherited)",
				);
				GCC_WARN_64_TO_32_BIT_CONVERSION = YES;
				GCC_WARN_ABOUT_RETURN_TYPE = YES_ERROR;
				GCC_WARN_UNDECLARED_SELECTOR = YES;
				GCC_WARN_UNINITIALIZED_AUTOS = YES_AGGRESSIVE;
				GCC_WARN_UNUSED_FUNCTION = YES;
				GCC_WARN_UNUSED_VARIABLE = YES;
				IPHONEOS_DEPLOYMENT_TARGET = 16.4;
				MTL_ENABLE_DEBUG_INFO = INCLUDE_SOURCE;
				MTL_FAST_MATH = YES;
				ONLY_ACTIVE_ARCH = YES;
				SDKROOT = iphoneos;
				SWIFT_ACTIVE_COMPILATION_CONDITIONS = DEBUG;
				SWIFT_OPTIMIZATION_LEVEL = "-Onone";
			};
			name = Debug;
		};
		439AFDB529FADC8800933647 /* Release */ = {
			isa = XCBuildConfiguration;
			buildSettings = {
				ALWAYS_SEARCH_USER_PATHS = NO;
				CLANG_ANALYZER_NONNULL = YES;
				CLANG_ANALYZER_NUMBER_OBJECT_CONVERSION = YES_AGGRESSIVE;
				CLANG_CXX_LANGUAGE_STANDARD = "gnu++20";
				CLANG_ENABLE_MODULES = YES;
				CLANG_ENABLE_OBJC_ARC = YES;
				CLANG_ENABLE_OBJC_WEAK = YES;
				CLANG_WARN_BLOCK_CAPTURE_AUTORELEASING = YES;
				CLANG_WARN_BOOL_CONVERSION = YES;
				CLANG_WARN_COMMA = YES;
				CLANG_WARN_CONSTANT_CONVERSION = YES;
				CLANG_WARN_DEPRECATED_OBJC_IMPLEMENTATIONS = YES;
				CLANG_WARN_DIRECT_OBJC_ISA_USAGE = YES_ERROR;
				CLANG_WARN_DOCUMENTATION_COMMENTS = YES;
				CLANG_WARN_EMPTY_BODY = YES;
				CLANG_WARN_ENUM_CONVERSION = YES;
				CLANG_WARN_INFINITE_RECURSION = YES;
				CLANG_WARN_INT_CONVERSION = YES;
				CLANG_WARN_NON_LITERAL_NULL_CONVERSION = YES;
				CLANG_WARN_OBJC_IMPLICIT_RETAIN_SELF = YES;
				CLANG_WARN_OBJC_LITERAL_CONVERSION = YES;
				CLANG_WARN_OBJC_ROOT_CLASS = YES_ERROR;
				CLANG_WARN_QUOTED_INCLUDE_IN_FRAMEWORK_HEADER = YES;
				CLANG_WARN_RANGE_LOOP_ANALYSIS = YES;
				CLANG_WARN_STRICT_PROTOTYPES = YES;
				CLANG_WARN_SUSPICIOUS_MOVE = YES;
				CLANG_WARN_UNGUARDED_AVAILABILITY = YES_AGGRESSIVE;
				CLANG_WARN_UNREACHABLE_CODE = YES;
				CLANG_WARN__DUPLICATE_METHOD_MATCH = YES;
				COPY_PHASE_STRIP = NO;
				DEBUG_INFORMATION_FORMAT = "dwarf-with-dsym";
				ENABLE_NS_ASSERTIONS = NO;
				ENABLE_STRICT_OBJC_MSGSEND = YES;
				GCC_C_LANGUAGE_STANDARD = gnu11;
				GCC_NO_COMMON_BLOCKS = YES;
				GCC_WARN_64_TO_32_BIT_CONVERSION = YES;
				GCC_WARN_ABOUT_RETURN_TYPE = YES_ERROR;
				GCC_WARN_UNDECLARED_SELECTOR = YES;
				GCC_WARN_UNINITIALIZED_AUTOS = YES_AGGRESSIVE;
				GCC_WARN_UNUSED_FUNCTION = YES;
				GCC_WARN_UNUSED_VARIABLE = YES;
				IPHONEOS_DEPLOYMENT_TARGET = 16.4;
				MTL_ENABLE_DEBUG_INFO = NO;
				MTL_FAST_MATH = YES;
				SDKROOT = iphoneos;
				SWIFT_COMPILATION_MODE = wholemodule;
				SWIFT_OPTIMIZATION_LEVEL = "-O";
				VALIDATE_PRODUCT = YES;
			};
			name = Release;
		};
		439AFDB729FADC8800933647 /* Debug */ = {
			isa = XCBuildConfiguration;
			buildSettings = {
				ASSETCATALOG_COMPILER_APPICON_NAME = AppIcon;
				ASSETCATALOG_COMPILER_GLOBAL_ACCENT_COLOR_NAME = AccentColor;
				CODE_SIGN_STYLE = Automatic;
				CURRENT_PROJECT_VERSION = 1;
				DEVELOPMENT_ASSET_PATHS = "\"Landmarks/Preview Content\"";
				DEVELOPMENT_TEAM = 2L9L899V66;
				ENABLE_PREVIEWS = YES;
				GENERATE_INFOPLIST_FILE = YES;
				INFOPLIST_KEY_UIApplicationSceneManifest_Generation = YES;
				INFOPLIST_KEY_UIApplicationSupportsIndirectInputEvents = YES;
				INFOPLIST_KEY_UILaunchScreen_Generation = YES;
				INFOPLIST_KEY_UISupportedInterfaceOrientations_iPad = "UIInterfaceOrientationPortrait UIInterfaceOrientationPortraitUpsideDown UIInterfaceOrientationLandscapeLeft UIInterfaceOrientationLandscapeRight";
				INFOPLIST_KEY_UISupportedInterfaceOrientations_iPhone = "UIInterfaceOrientationPortrait UIInterfaceOrientationLandscapeLeft UIInterfaceOrientationLandscapeRight";
				IPHONEOS_DEPLOYMENT_TARGET = 16.4;
				LD_RUNPATH_SEARCH_PATHS = (
					"$(inherited)",
					"@executable_path/Frameworks",
				);
				MARKETING_VERSION = 1.0;
				PRODUCT_BUNDLE_IDENTIFIER = com.memtarhan.Landmarks;
				PRODUCT_NAME = "$(TARGET_NAME)";
				SWIFT_EMIT_LOC_STRINGS = YES;
				SWIFT_VERSION = 5.0;
				TARGETED_DEVICE_FAMILY = "1,2";
			};
			name = Debug;
		};
		439AFDB829FADC8800933647 /* Release */ = {
			isa = XCBuildConfiguration;
			buildSettings = {
				ASSETCATALOG_COMPILER_APPICON_NAME = AppIcon;
				ASSETCATALOG_COMPILER_GLOBAL_ACCENT_COLOR_NAME = AccentColor;
				CODE_SIGN_STYLE = Automatic;
				CURRENT_PROJECT_VERSION = 1;
				DEVELOPMENT_ASSET_PATHS = "\"Landmarks/Preview Content\"";
				DEVELOPMENT_TEAM = 2L9L899V66;
				ENABLE_PREVIEWS = YES;
				GENERATE_INFOPLIST_FILE = YES;
				INFOPLIST_KEY_UIApplicationSceneManifest_Generation = YES;
				INFOPLIST_KEY_UIApplicationSupportsIndirectInputEvents = YES;
				INFOPLIST_KEY_UILaunchScreen_Generation = YES;
				INFOPLIST_KEY_UISupportedInterfaceOrientations_iPad = "UIInterfaceOrientationPortrait UIInterfaceOrientationPortraitUpsideDown UIInterfaceOrientationLandscapeLeft UIInterfaceOrientationLandscapeRight";
				INFOPLIST_KEY_UISupportedInterfaceOrientations_iPhone = "UIInterfaceOrientationPortrait UIInterfaceOrientationLandscapeLeft UIInterfaceOrientationLandscapeRight";
				IPHONEOS_DEPLOYMENT_TARGET = 16.4;
				LD_RUNPATH_SEARCH_PATHS = (
					"$(inherited)",
					"@executable_path/Frameworks",
				);
				MARKETING_VERSION = 1.0;
				PRODUCT_BUNDLE_IDENTIFIER = com.memtarhan.Landmarks;
				PRODUCT_NAME = "$(TARGET_NAME)";
				SWIFT_EMIT_LOC_STRINGS = YES;
				SWIFT_VERSION = 5.0;
				TARGETED_DEVICE_FAMILY = "1,2";
			};
			name = Release;
		};
/* End XCBuildConfiguration section */

/* Begin XCConfigurationList section */
		439AFDA329FADC8600933647 /* Build configuration list for PBXProject "Landmarks" */ = {
			isa = XCConfigurationList;
			buildConfigurations = (
				439AFDB429FADC8800933647 /* Debug */,
				439AFDB529FADC8800933647 /* Release */,
			);
			defaultConfigurationIsVisible = 0;
			defaultConfigurationName = Release;
		};
		439AFDB629FADC8800933647 /* Build configuration list for PBXNativeTarget "Landmarks" */ = {
			isa = XCConfigurationList;
			buildConfigurations = (
				439AFDB729FADC8800933647 /* Debug */,
				439AFDB829FADC8800933647 /* Release */,
			);
			defaultConfigurationIsVisible = 0;
			defaultConfigurationName = Release;
		};
/* End XCConfigurationList section */
	};
	rootObject = 439AFDA029FADC8600933647 /* Project object */;
}
