// !$*UTF8*$!
{
	archiveVersion = 1;
	classes = {
	};
	objectVersion = 56;
	objects = {

/* Begin PBXBuildFile section */
		433D6D1E29FFEF7A0080DD8D /* DataFlowApp.swift in Sources */ = {isa = PBXBuildFile; fileRef = 433D6D1D29FFEF7A0080DD8D /* DataFlowApp.swift */; };
		433D6D2029FFEF7A0080DD8D /* ContentView.swift in Sources */ = {isa = PBXBuildFile; fileRef = 433D6D1F29FFEF7A0080DD8D /* ContentView.swift */; };
		433D6D2229FFEF7B0080DD8D /* Assets.xcassets in Resources */ = {isa = PBXBuildFile; fileRef = 433D6D2129FFEF7B0080DD8D /* Assets.xcassets */; };
		433D6D2529FFEF7B0080DD8D /* Preview Assets.xcassets in Resources */ = {isa = PBXBuildFile; fileRef = 433D6D2429FFEF7B0080DD8D /* Preview Assets.xcassets */; };
		433D6D2E29FFEFF70080DD8D /* RecipeEditorConfig.swift in Sources */ = {isa = PBXBuildFile; fileRef = 433D6D2D29FFEFF70080DD8D /* RecipeEditorConfig.swift */; };
		433D6D3129FFF0180080DD8D /* Recipe.swift in Sources */ = {isa = PBXBuildFile; fileRef = 433D6D3029FFF0180080DD8D /* Recipe.swift */; };
		433D6D3329FFF03B0080DD8D /* ModelHelpers.swift in Sources */ = {isa = PBXBuildFile; fileRef = 433D6D3229FFF03B0080DD8D /* ModelHelpers.swift */; };
		433D6D3629FFF10B0080DD8D /* SidebarView.swift in Sources */ = {isa = PBXBuildFile; fileRef = 433D6D3529FFF10B0080DD8D /* SidebarView.swift */; };
		433D6D3829FFF1310080DD8D /* RecipeBox.swift in Sources */ = {isa = PBXBuildFile; fileRef = 433D6D3729FFF1310080DD8D /* RecipeBox.swift */; };
		433D6D3A29FFF1D60080DD8D /* RecipeEditor.swift in Sources */ = {isa = PBXBuildFile; fileRef = 433D6D3929FFF1D60080DD8D /* RecipeEditor.swift */; };
		433D6D3C29FFF1EE0080DD8D /* RecipeEditorForm.swift in Sources */ = {isa = PBXBuildFile; fileRef = 433D6D3B29FFF1EE0080DD8D /* RecipeEditorForm.swift */; };
/* End PBXBuildFile section */

/* Begin PBXFileReference section */
		433D6D1A29FFEF7A0080DD8D /* DataFlow.app */ = {isa = PBXFileReference; explicitFileType = wrapper.application; includeInIndex = 0; path = DataFlow.app; sourceTree = BUILT_PRODUCTS_DIR; };
		433D6D1D29FFEF7A0080DD8D /* DataFlowApp.swift */ = {isa = PBXFileReference; lastKnownFileType = sourcecode.swift; path = DataFlowApp.swift; sourceTree = "<group>"; };
		433D6D1F29FFEF7A0080DD8D /* ContentView.swift */ = {isa = PBXFileReference; lastKnownFileType = sourcecode.swift; path = ContentView.swift; sourceTree = "<group>"; };
		433D6D2129FFEF7B0080DD8D /* Assets.xcassets */ = {isa = PBXFileReference; lastKnownFileType = folder.assetcatalog; path = Assets.xcassets; sourceTree = "<group>"; };
		433D6D2429FFEF7B0080DD8D /* Preview Assets.xcassets */ = {isa = PBXFileReference; lastKnownFileType = folder.assetcatalog; path = "Preview Assets.xcassets"; sourceTree = "<group>"; };
		433D6D2D29FFEFF70080DD8D /* RecipeEditorConfig.swift */ = {isa = PBXFileReference; lastKnownFileType = sourcecode.swift; path = RecipeEditorConfig.swift; sourceTree = "<group>"; };
		433D6D3029FFF0180080DD8D /* Recipe.swift */ = {isa = PBXFileReference; lastKnownFileType = sourcecode.swift; path = Recipe.swift; sourceTree = "<group>"; };
		433D6D3229FFF03B0080DD8D /* ModelHelpers.swift */ = {isa = PBXFileReference; lastKnownFileType = sourcecode.swift; path = ModelHelpers.swift; sourceTree = "<group>"; };
		433D6D3529FFF10B0080DD8D /* SidebarView.swift */ = {isa = PBXFileReference; lastKnownFileType = sourcecode.swift; path = SidebarView.swift; sourceTree = "<group>"; };
		433D6D3729FFF1310080DD8D /* RecipeBox.swift */ = {isa = PBXFileReference; lastKnownFileType = sourcecode.swift; path = RecipeBox.swift; sourceTree = "<group>"; };
		433D6D3929FFF1D60080DD8D /* RecipeEditor.swift */ = {isa = PBXFileReference; lastKnownFileType = sourcecode.swift; path = RecipeEditor.swift; sourceTree = "<group>"; };
		433D6D3B29FFF1EE0080DD8D /* RecipeEditorForm.swift */ = {isa = PBXFileReference; lastKnownFileType = sourcecode.swift; path = RecipeEditorForm.swift; sourceTree = "<group>"; };
/* End PBXFileReference section */

/* Begin PBXFrameworksBuildPhase section */
		433D6D1729FFEF7A0080DD8D /* Frameworks */ = {
			isa = PBXFrameworksBuildPhase;
			buildActionMask = 2147483647;
			files = (
			);
			runOnlyForDeploymentPostprocessing = 0;
		};
/* End PBXFrameworksBuildPhase section */

/* Begin PBXGroup section */
		433D6D1129FFEF7A0080DD8D = {
			isa = PBXGroup;
			children = (
				433D6D1C29FFEF7A0080DD8D /* DataFlow */,
				433D6D1B29FFEF7A0080DD8D /* Products */,
			);
			sourceTree = "<group>";
		};
		433D6D1B29FFEF7A0080DD8D /* Products */ = {
			isa = PBXGroup;
			children = (
				433D6D1A29FFEF7A0080DD8D /* DataFlow.app */,
			);
			name = Products;
			sourceTree = "<group>";
		};
		433D6D1C29FFEF7A0080DD8D /* DataFlow */ = {
			isa = PBXGroup;
			children = (
				433D6D2F29FFF00A0080DD8D /* Models */,
				433D6D2B29FFEFE30080DD8D /* Views */,
				433D6D1D29FFEF7A0080DD8D /* DataFlowApp.swift */,
				433D6D1F29FFEF7A0080DD8D /* ContentView.swift */,
				433D6D2129FFEF7B0080DD8D /* Assets.xcassets */,
				433D6D2329FFEF7B0080DD8D /* Preview Content */,
			);
			path = DataFlow;
			sourceTree = "<group>";
		};
		433D6D2329FFEF7B0080DD8D /* Preview Content */ = {
			isa = PBXGroup;
			children = (
				433D6D2429FFEF7B0080DD8D /* Preview Assets.xcassets */,
			);
			path = "Preview Content";
			sourceTree = "<group>";
		};
		433D6D2B29FFEFE30080DD8D /* Views */ = {
			isa = PBXGroup;
			children = (
				433D6D3429FFF1000080DD8D /* Navigation */,
				433D6D2C29FFEFE90080DD8D /* RecipeEditor */,
			);
			path = Views;
			sourceTree = "<group>";
		};
		433D6D2C29FFEFE90080DD8D /* RecipeEditor */ = {
			isa = PBXGroup;
			children = (
				433D6D2D29FFEFF70080DD8D /* RecipeEditorConfig.swift */,
				433D6D3929FFF1D60080DD8D /* RecipeEditor.swift */,
				433D6D3B29FFF1EE0080DD8D /* RecipeEditorForm.swift */,
			);
			path = RecipeEditor;
			sourceTree = "<group>";
		};
		433D6D2F29FFF00A0080DD8D /* Models */ = {
			isa = PBXGroup;
			children = (
				433D6D3029FFF0180080DD8D /* Recipe.swift */,
				433D6D3229FFF03B0080DD8D /* ModelHelpers.swift */,
				433D6D3729FFF1310080DD8D /* RecipeBox.swift */,
			);
			path = Models;
			sourceTree = "<group>";
		};
		433D6D3429FFF1000080DD8D /* Navigation */ = {
			isa = PBXGroup;
			children = (
				433D6D3529FFF10B0080DD8D /* SidebarView.swift */,
			);
			path = Navigation;
			sourceTree = "<group>";
		};
/* End PBXGroup section */

/* Begin PBXNativeTarget section */
		433D6D1929FFEF7A0080DD8D /* DataFlow */ = {
			isa = PBXNativeTarget;
			buildConfigurationList = 433D6D2829FFEF7B0080DD8D /* Build configuration list for PBXNativeTarget "DataFlow" */;
			buildPhases = (
				433D6D1629FFEF7A0080DD8D /* Sources */,
				433D6D1729FFEF7A0080DD8D /* Frameworks */,
				433D6D1829FFEF7A0080DD8D /* Resources */,
			);
			buildRules = (
			);
			dependencies = (
			);
			name = DataFlow;
			productName = DataFlow;
			productReference = 433D6D1A29FFEF7A0080DD8D /* DataFlow.app */;
			productType = "com.apple.product-type.application";
		};
/* End PBXNativeTarget section */

/* Begin PBXProject section */
		433D6D1229FFEF7A0080DD8D /* Project object */ = {
			isa = PBXProject;
			attributes = {
				BuildIndependentTargetsInParallel = 1;
				LastSwiftUpdateCheck = 1430;
				LastUpgradeCheck = 1430;
				TargetAttributes = {
					433D6D1929FFEF7A0080DD8D = {
						CreatedOnToolsVersion = 14.3;
					};
				};
			};
			buildConfigurationList = 433D6D1529FFEF7A0080DD8D /* Build configuration list for PBXProject "DataFlow" */;
			compatibilityVersion = "Xcode 14.0";
			developmentRegion = en;
			hasScannedForEncodings = 0;
			knownRegions = (
				en,
				Base,
			);
			mainGroup = 433D6D1129FFEF7A0080DD8D;
			productRefGroup = 433D6D1B29FFEF7A0080DD8D /* Products */;
			projectDirPath = "";
			projectRoot = "";
			targets = (
				433D6D1929FFEF7A0080DD8D /* DataFlow */,
			);
		};
/* End PBXProject section */

/* Begin PBXResourcesBuildPhase section */
		433D6D1829FFEF7A0080DD8D /* Resources */ = {
			isa = PBXResourcesBuildPhase;
			buildActionMask = 2147483647;
			files = (
				433D6D2529FFEF7B0080DD8D /* Preview Assets.xcassets in Resources */,
				433D6D2229FFEF7B0080DD8D /* Assets.xcassets in Resources */,
			);
			runOnlyForDeploymentPostprocessing = 0;
		};
/* End PBXResourcesBuildPhase section */

/* Begin PBXSourcesBuildPhase section */
		433D6D1629FFEF7A0080DD8D /* Sources */ = {
			isa = PBXSourcesBuildPhase;
			buildActionMask = 2147483647;
			files = (
				433D6D3329FFF03B0080DD8D /* ModelHelpers.swift in Sources */,
				433D6D2029FFEF7A0080DD8D /* ContentView.swift in Sources */,
				433D6D2E29FFEFF70080DD8D /* RecipeEditorConfig.swift in Sources */,
				433D6D1E29FFEF7A0080DD8D /* DataFlowApp.swift in Sources */,
				433D6D3A29FFF1D60080DD8D /* RecipeEditor.swift in Sources */,
				433D6D3829FFF1310080DD8D /* RecipeBox.swift in Sources */,
				433D6D3629FFF10B0080DD8D /* SidebarView.swift in Sources */,
				433D6D3C29FFF1EE0080DD8D /* RecipeEditorForm.swift in Sources */,
				433D6D3129FFF0180080DD8D /* Recipe.swift in Sources */,
			);
			runOnlyForDeploymentPostprocessing = 0;
		};
/* End PBXSourcesBuildPhase section */

/* Begin XCBuildConfiguration section */
		433D6D2629FFEF7B0080DD8D /* Debug */ = {
			isa = XCBuildConfiguration;
			buildSettings = {
				ALWAYS_SEARCH_USER_PATHS = NO;
				CLANG_ANALYZER_NONNULL = YES;
				CLANG_ANALYZER_NUMBER_OBJECT_CONVERSION = YES_AGGRESSIVE;
				CLANG_CXX_LANGUAGE_STANDARD = "gnu++20";
				CLANG_ENABLE_MODULES = YES;
				CLANG_ENABLE_OBJC_ARC = YES;
				CLANG_ENABLE_OBJC_WEAK = YES;
				CLANG_WARN_BLOCK_CAPTURE_AUTORELEASING = YES;
				CLANG_WARN_BOOL_CONVERSION = YES;
				CLANG_WARN_COMMA = YES;
				CLANG_WARN_CONSTANT_CONVERSION = YES;
				CLANG_WARN_DEPRECATED_OBJC_IMPLEMENTATIONS = YES;
				CLANG_WARN_DIRECT_OBJC_ISA_USAGE = YES_ERROR;
				CLANG_WARN_DOCUMENTATION_COMMENTS = YES;
				CLANG_WARN_EMPTY_BODY = YES;
				CLANG_WARN_ENUM_CONVERSION = YES;
				CLANG_WARN_INFINITE_RECURSION = YES;
				CLANG_WARN_INT_CONVERSION = YES;
				CLANG_WARN_NON_LITERAL_NULL_CONVERSION = YES;
				CLANG_WARN_OBJC_IMPLICIT_RETAIN_SELF = YES;
				CLANG_WARN_OBJC_LITERAL_CONVERSION = YES;
				CLANG_WARN_OBJC_ROOT_CLASS = YES_ERROR;
				CLANG_WARN_QUOTED_INCLUDE_IN_FRAMEWORK_HEADER = YES;
				CLANG_WARN_RANGE_LOOP_ANALYSIS = YES;
				CLANG_WARN_STRICT_PROTOTYPES = YES;
				CLANG_WARN_SUSPICIOUS_MOVE = YES;
				CLANG_WARN_UNGUARDED_AVAILABILITY = YES_AGGRESSIVE;
				CLANG_WARN_UNREACHABLE_CODE = YES;
				CLANG_WARN__DUPLICATE_METHOD_MATCH = YES;
				COPY_PHASE_STRIP = NO;
				DEBUG_INFORMATION_FORMAT = dwarf;
				ENABLE_STRICT_OBJC_MSGSEND = YES;
				ENABLE_TESTABILITY = YES;
				GCC_C_LANGUAGE_STANDARD = gnu11;
				GCC_DYNAMIC_NO_PIC = NO;
				GCC_NO_COMMON_BLOCKS = YES;
				GCC_OPTIMIZATION_LEVEL = 0;
				GCC_PREPROCESSOR_DEFINITIONS = (
					"DEBUG=1",
					"$(inherited)",
				);
				GCC_WARN_64_TO_32_BIT_CONVERSION = YES;
				GCC_WARN_ABOUT_RETURN_TYPE = YES_ERROR;
				GCC_WARN_UNDECLARED_SELECTOR = YES;
				GCC_WARN_UNINITIALIZED_AUTOS = YES_AGGRESSIVE;
				GCC_WARN_UNUSED_FUNCTION = YES;
				GCC_WARN_UNUSED_VARIABLE = YES;
				IPHONEOS_DEPLOYMENT_TARGET = 16.4;
				MTL_ENABLE_DEBUG_INFO = INCLUDE_SOURCE;
				MTL_FAST_MATH = YES;
				ONLY_ACTIVE_ARCH = YES;
				SDKROOT = iphoneos;
				SWIFT_ACTIVE_COMPILATION_CONDITIONS = DEBUG;
				SWIFT_OPTIMIZATION_LEVEL = "-Onone";
			};
			name = Debug;
		};
		433D6D2729FFEF7B0080DD8D /* Release */ = {
			isa = XCBuildConfiguration;
			buildSettings = {
				ALWAYS_SEARCH_USER_PATHS = NO;
				CLANG_ANALYZER_NONNULL = YES;
				CLANG_ANALYZER_NUMBER_OBJECT_CONVERSION = YES_AGGRESSIVE;
				CLANG_CXX_LANGUAGE_STANDARD = "gnu++20";
				CLANG_ENABLE_MODULES = YES;
				CLANG_ENABLE_OBJC_ARC = YES;
				CLANG_ENABLE_OBJC_WEAK = YES;
				CLANG_WARN_BLOCK_CAPTURE_AUTORELEASING = YES;
				CLANG_WARN_BOOL_CONVERSION = YES;
				CLANG_WARN_COMMA = YES;
				CLANG_WARN_CONSTANT_CONVERSION = YES;
				CLANG_WARN_DEPRECATED_OBJC_IMPLEMENTATIONS = YES;
				CLANG_WARN_DIRECT_OBJC_ISA_USAGE = YES_ERROR;
				CLANG_WARN_DOCUMENTATION_COMMENTS = YES;
				CLANG_WARN_EMPTY_BODY = YES;
				CLANG_WARN_ENUM_CONVERSION = YES;
				CLANG_WARN_INFINITE_RECURSION = YES;
				CLANG_WARN_INT_CONVERSION = YES;
				CLANG_WARN_NON_LITERAL_NULL_CONVERSION = YES;
				CLANG_WARN_OBJC_IMPLICIT_RETAIN_SELF = YES;
				CLANG_WARN_OBJC_LITERAL_CONVERSION = YES;
				CLANG_WARN_OBJC_ROOT_CLASS = YES_ERROR;
				CLANG_WARN_QUOTED_INCLUDE_IN_FRAMEWORK_HEADER = YES;
				CLANG_WARN_RANGE_LOOP_ANALYSIS = YES;
				CLANG_WARN_STRICT_PROTOTYPES = YES;
				CLANG_WARN_SUSPICIOUS_MOVE = YES;
				CLANG_WARN_UNGUARDED_AVAILABILITY = YES_AGGRESSIVE;
				CLANG_WARN_UNREACHABLE_CODE = YES;
				CLANG_WARN__DUPLICATE_METHOD_MATCH = YES;
				COPY_PHASE_STRIP = NO;
				DEBUG_INFORMATION_FORMAT = "dwarf-with-dsym";
				ENABLE_NS_ASSERTIONS = NO;
				ENABLE_STRICT_OBJC_MSGSEND = YES;
				GCC_C_LANGUAGE_STANDARD = gnu11;
				GCC_NO_COMMON_BLOCKS = YES;
				GCC_WARN_64_TO_32_BIT_CONVERSION = YES;
				GCC_WARN_ABOUT_RETURN_TYPE = YES_ERROR;
				GCC_WARN_UNDECLARED_SELECTOR = YES;
				GCC_WARN_UNINITIALIZED_AUTOS = YES_AGGRESSIVE;
				GCC_WARN_UNUSED_FUNCTION = YES;
				GCC_WARN_UNUSED_VARIABLE = YES;
				IPHONEOS_DEPLOYMENT_TARGET = 16.4;
				MTL_ENABLE_DEBUG_INFO = NO;
				MTL_FAST_MATH = YES;
				SDKROOT = iphoneos;
				SWIFT_COMPILATION_MODE = wholemodule;
				SWIFT_OPTIMIZATION_LEVEL = "-O";
				VALIDATE_PRODUCT = YES;
			};
			name = Release;
		};
		433D6D2929FFEF7B0080DD8D /* Debug */ = {
			isa = XCBuildConfiguration;
			buildSettings = {
				ASSETCATALOG_COMPILER_APPICON_NAME = AppIcon;
				ASSETCATALOG_COMPILER_GLOBAL_ACCENT_COLOR_NAME = AccentColor;
				CODE_SIGN_STYLE = Automatic;
				CURRENT_PROJECT_VERSION = 1;
				DEVELOPMENT_ASSET_PATHS = "\"DataFlow/Preview Content\"";
				DEVELOPMENT_TEAM = 2L9L899V66;
				ENABLE_PREVIEWS = YES;
				GENERATE_INFOPLIST_FILE = YES;
				INFOPLIST_KEY_UIApplicationSceneManifest_Generation = YES;
				INFOPLIST_KEY_UIApplicationSupportsIndirectInputEvents = YES;
				INFOPLIST_KEY_UILaunchScreen_Generation = YES;
				INFOPLIST_KEY_UISupportedInterfaceOrientations_iPad = "UIInterfaceOrientationPortrait UIInterfaceOrientationPortraitUpsideDown UIInterfaceOrientationLandscapeLeft UIInterfaceOrientationLandscapeRight";
				INFOPLIST_KEY_UISupportedInterfaceOrientations_iPhone = "UIInterfaceOrientationPortrait UIInterfaceOrientationLandscapeLeft UIInterfaceOrientationLandscapeRight";
				LD_RUNPATH_SEARCH_PATHS = (
					"$(inherited)",
					"@executable_path/Frameworks",
				);
				MARKETING_VERSION = 1.0;
				PRODUCT_BUNDLE_IDENTIFIER = com.memtarhan.DataFlow;
				PRODUCT_NAME = "$(TARGET_NAME)";
				SWIFT_EMIT_LOC_STRINGS = YES;
				SWIFT_VERSION = 5.0;
				TARGETED_DEVICE_FAMILY = "1,2";
			};
			name = Debug;
		};
		433D6D2A29FFEF7B0080DD8D /* Release */ = {
			isa = XCBuildConfiguration;
			buildSettings = {
				ASSETCATALOG_COMPILER_APPICON_NAME = AppIcon;
				ASSETCATALOG_COMPILER_GLOBAL_ACCENT_COLOR_NAME = AccentColor;
				CODE_SIGN_STYLE = Automatic;
				CURRENT_PROJECT_VERSION = 1;
				DEVELOPMENT_ASSET_PATHS = "\"DataFlow/Preview Content\"";
				DEVELOPMENT_TEAM = 2L9L899V66;
				ENABLE_PREVIEWS = YES;
				GENERATE_INFOPLIST_FILE = YES;
				INFOPLIST_KEY_UIApplicationSceneManifest_Generation = YES;
				INFOPLIST_KEY_UIApplicationSupportsIndirectInputEvents = YES;
				INFOPLIST_KEY_UILaunchScreen_Generation = YES;
				INFOPLIST_KEY_UISupportedInterfaceOrientations_iPad = "UIInterfaceOrientationPortrait UIInterfaceOrientationPortraitUpsideDown UIInterfaceOrientationLandscapeLeft UIInterfaceOrientationLandscapeRight";
				INFOPLIST_KEY_UISupportedInterfaceOrientations_iPhone = "UIInterfaceOrientationPortrait UIInterfaceOrientationLandscapeLeft UIInterfaceOrientationLandscapeRight";
				LD_RUNPATH_SEARCH_PATHS = (
					"$(inherited)",
					"@executable_path/Frameworks",
				);
				MARKETING_VERSION = 1.0;
				PRODUCT_BUNDLE_IDENTIFIER = com.memtarhan.DataFlow;
				PRODUCT_NAME = "$(TARGET_NAME)";
				SWIFT_EMIT_LOC_STRINGS = YES;
				SWIFT_VERSION = 5.0;
				TARGETED_DEVICE_FAMILY = "1,2";
			};
			name = Release;
		};
/* End XCBuildConfiguration section */

/* Begin XCConfigurationList section */
		433D6D1529FFEF7A0080DD8D /* Build configuration list for PBXProject "DataFlow" */ = {
			isa = XCConfigurationList;
			buildConfigurations = (
				433D6D2629FFEF7B0080DD8D /* Debug */,
				433D6D2729FFEF7B0080DD8D /* Release */,
			);
			defaultConfigurationIsVisible = 0;
			defaultConfigurationName = Release;
		};
		433D6D2829FFEF7B0080DD8D /* Build configuration list for PBXNativeTarget "DataFlow" */ = {
			isa = XCConfigurationList;
			buildConfigurations = (
				433D6D2929FFEF7B0080DD8D /* Debug */,
				433D6D2A29FFEF7B0080DD8D /* Release */,
			);
			defaultConfigurationIsVisible = 0;
			defaultConfigurationName = Release;
		};
/* End XCConfigurationList section */
	};
	rootObject = 433D6D1229FFEF7A0080DD8D /* Project object */;
}
