// !$*UTF8*$!
{
	archiveVersion = 1;
	classes = {
	};
	objectVersion = 56;
	objects = {

/* Begin PBXBuildFile section */
		433D6D1E29FFEF7A0080DD8D /* DataFlowApp.swift in Sources */ = {isa = PBXBuildFile; fileRef = 433D6D1D29FFEF7A0080DD8D /* DataFlowApp.swift */; };
		433D6D2229FFEF7B0080DD8D /* Assets.xcassets in Resources */ = {isa = PBXBuildFile; fileRef = 433D6D2129FFEF7B0080DD8D /* Assets.xcassets */; };
		433D6D2529FFEF7B0080DD8D /* Preview Assets.xcassets in Resources */ = {isa = PBXBuildFile; fileRef = 433D6D2429FFEF7B0080DD8D /* Preview Assets.xcassets */; };
		433D6D2E29FFEFF70080DD8D /* RecipeEditorConfig.swift in Sources */ = {isa = PBXBuildFile; fileRef = 433D6D2D29FFEFF70080DD8D /* RecipeEditorConfig.swift */; };
		433D6D3129FFF0180080DD8D /* Recipe.swift in Sources */ = {isa = PBXBuildFile; fileRef = 433D6D3029FFF0180080DD8D /* Recipe.swift */; };
		433D6D3329FFF03B0080DD8D /* ModelHelpers.swift in Sources */ = {isa = PBXBuildFile; fileRef = 433D6D3229FFF03B0080DD8D /* ModelHelpers.swift */; };
		433D6D3629FFF10B0080DD8D /* SidebarView.swift in Sources */ = {isa = PBXBuildFile; fileRef = 433D6D3529FFF10B0080DD8D /* SidebarView.swift */; };
		433D6D3829FFF1310080DD8D /* RecipeBox.swift in Sources */ = {isa = PBXBuildFile; fileRef = 433D6D3729FFF1310080DD8D /* RecipeBox.swift */; };
		433D6D3A29FFF1D60080DD8D /* RecipeEditor.swift in Sources */ = {isa = PBXBuildFile; fileRef = 433D6D3929FFF1D60080DD8D /* RecipeEditor.swift */; };
		433D6D3C29FFF1EE0080DD8D /* RecipeEditorForm.swift in Sources */ = {isa = PBXBuildFile; fileRef = 433D6D3B29FFF1EE0080DD8D /* RecipeEditorForm.swift */; };
		433D6D3F29FFF3040080DD8D /* ContentListView.swift in Sources */ = {isa = PBXBuildFile; fileRef = 433D6D3E29FFF3040080DD8D /* ContentListView.swift */; };
		433D6D4129FFF31E0080DD8D /* RecipeListView.swift in Sources */ = {isa = PBXBuildFile; fileRef = 433D6D4029FFF31E0080DD8D /* RecipeListView.swift */; };
		433D6D4329FFF3410080DD8D /* RecipeListItemView.swift in Sources */ = {isa = PBXBuildFile; fileRef = 433D6D4229FFF3410080DD8D /* RecipeListItemView.swift */; };
		433D6D4529FFF3F80080DD8D /* DetailView.swift in Sources */ = {isa = PBXBuildFile; fileRef = 433D6D4429FFF3F80080DD8D /* DetailView.swift */; };
		433D6D4C29FFF4290080DD8D /* RecipeDirectionsView.swift in Sources */ = {isa = PBXBuildFile; fileRef = 433D6D4729FFF4290080DD8D /* RecipeDirectionsView.swift */; };
		433D6D4D29FFF4290080DD8D /* RecipeDetailToolbar.swift in Sources */ = {isa = PBXBuildFile; fileRef = 433D6D4829FFF4290080DD8D /* RecipeDetailToolbar.swift */; };
		433D6D4E29FFF4290080DD8D /* RecipeIngredientsView.swift in Sources */ = {isa = PBXBuildFile; fileRef = 433D6D4929FFF4290080DD8D /* RecipeIngredientsView.swift */; };
		433D6D4F29FFF4290080DD8D /* RecipeNotSelectedView.swift in Sources */ = {isa = PBXBuildFile; fileRef = 433D6D4A29FFF4290080DD8D /* RecipeNotSelectedView.swift */; };
		433D6D5029FFF4290080DD8D /* RecipeDetailView.swift in Sources */ = {isa = PBXBuildFile; fileRef = 433D6D4B29FFF4290080DD8D /* RecipeDetailView.swift */; };
		433D6D5529FFF4470080DD8D /* TitleView.swift in Sources */ = {isa = PBXBuildFile; fileRef = 433D6D5229FFF4470080DD8D /* TitleView.swift */; };
		433D6D5629FFF4470080DD8D /* CompactTitleView.swift in Sources */ = {isa = PBXBuildFile; fileRef = 433D6D5329FFF4470080DD8D /* CompactTitleView.swift */; };
		433D6D5729FFF4470080DD8D /* RegularTitleView.swift in Sources */ = {isa = PBXBuildFile; fileRef = 433D6D5429FFF4470080DD8D /* RegularTitleView.swift */; };
		433D6D5A29FFF4730080DD8D /* StarRating.swift in Sources */ = {isa = PBXBuildFile; fileRef = 433D6D5929FFF4730080DD8D /* StarRating.swift */; };
		433D6D7529FFF4B60080DD8D /* VegetableDumplings-thumb.jpg in Resources */ = {isa = PBXBuildFile; fileRef = 433D6D5C29FFF4B60080DD8D /* VegetableDumplings-thumb.jpg */; };
		433D6D7629FFF4B60080DD8D /* VegetableDumplings-small.jpg in Resources */ = {isa = PBXBuildFile; fileRef = 433D6D5D29FFF4B60080DD8D /* VegetableDumplings-small.jpg */; };
		433D6D7729FFF4B60080DD8D /* MushroomTapioca.jpg in Resources */ = {isa = PBXBuildFile; fileRef = 433D6D5E29FFF4B60080DD8D /* MushroomTapioca.jpg */; };
		433D6D7829FFF4B60080DD8D /* ChickpeaCurry.jpg in Resources */ = {isa = PBXBuildFile; fileRef = 433D6D5F29FFF4B60080DD8D /* ChickpeaCurry.jpg */; };
		433D6D7929FFF4B60080DD8D /* PassionfruitMangoSorbet.jpg in Resources */ = {isa = PBXBuildFile; fileRef = 433D6D6029FFF4B60080DD8D /* PassionfruitMangoSorbet.jpg */; };
		433D6D7A29FFF4B60080DD8D /* VegetableDumplings.jpg in Resources */ = {isa = PBXBuildFile; fileRef = 433D6D6129FFF4B60080DD8D /* VegetableDumplings.jpg */; };
		433D6D7B29FFF4B60080DD8D /* MushroomTapioca-thumb.jpg in Resources */ = {isa = PBXBuildFile; fileRef = 433D6D6229FFF4B60080DD8D /* MushroomTapioca-thumb.jpg */; };
		433D6D7C29FFF4B60080DD8D /* PeanutButterTruffles-thumb.jpg in Resources */ = {isa = PBXBuildFile; fileRef = 433D6D6329FFF4B60080DD8D /* PeanutButterTruffles-thumb.jpg */; };
		433D6D7D29FFF4B60080DD8D /* PeanutButterTruffles-small.jpg in Resources */ = {isa = PBXBuildFile; fileRef = 433D6D6429FFF4B60080DD8D /* PeanutButterTruffles-small.jpg */; };
		433D6D7E29FFF4B60080DD8D /* MushroomTapioca-small.jpg in Resources */ = {isa = PBXBuildFile; fileRef = 433D6D6529FFF4B60080DD8D /* MushroomTapioca-small.jpg */; };
		433D6D7F29FFF4B60080DD8D /* PassionfruitMangoSorbet-thumb.jpg in Resources */ = {isa = PBXBuildFile; fileRef = 433D6D6629FFF4B60080DD8D /* PassionfruitMangoSorbet-thumb.jpg */; };
		433D6D8029FFF4B60080DD8D /* PassionfruitMangoSorbet-small.jpg in Resources */ = {isa = PBXBuildFile; fileRef = 433D6D6729FFF4B60080DD8D /* PassionfruitMangoSorbet-small.jpg */; };
		433D6D8129FFF4B60080DD8D /* ThreeBeanSalad-small.jpg in Resources */ = {isa = PBXBuildFile; fileRef = 433D6D6829FFF4B60080DD8D /* ThreeBeanSalad-small.jpg */; };
		433D6D8229FFF4B60080DD8D /* PeanutButterTruffles.jpg in Resources */ = {isa = PBXBuildFile; fileRef = 433D6D6929FFF4B60080DD8D /* PeanutButterTruffles.jpg */; };
		433D6D8329FFF4B60080DD8D /* ThreeBeanSalad-thumb.jpg in Resources */ = {isa = PBXBuildFile; fileRef = 433D6D6A29FFF4B60080DD8D /* ThreeBeanSalad-thumb.jpg */; };
		433D6D8429FFF4B60080DD8D /* ChickpeaCurry-small.jpg in Resources */ = {isa = PBXBuildFile; fileRef = 433D6D6B29FFF4B60080DD8D /* ChickpeaCurry-small.jpg */; };
		433D6D8529FFF4B60080DD8D /* ChickpeaCurry-thumb.jpg in Resources */ = {isa = PBXBuildFile; fileRef = 433D6D6C29FFF4B60080DD8D /* ChickpeaCurry-thumb.jpg */; };
		433D6D8629FFF4B60080DD8D /* SpicyTomatoSauce-small.jpg in Resources */ = {isa = PBXBuildFile; fileRef = 433D6D6D29FFF4B60080DD8D /* SpicyTomatoSauce-small.jpg */; };
		433D6D8729FFF4B60080DD8D /* SpicyTomatoSauce-thumb.jpg in Resources */ = {isa = PBXBuildFile; fileRef = 433D6D6E29FFF4B60080DD8D /* SpicyTomatoSauce-thumb.jpg */; };
		433D6D8829FFF4B60080DD8D /* ThreeBeanSalad.jpg in Resources */ = {isa = PBXBuildFile; fileRef = 433D6D6F29FFF4B60080DD8D /* ThreeBeanSalad.jpg */; };
		433D6D8929FFF4B60080DD8D /* SpicyTomatoSauce.jpg in Resources */ = {isa = PBXBuildFile; fileRef = 433D6D7029FFF4B60080DD8D /* SpicyTomatoSauce.jpg */; };
		433D6D8A29FFF4B60080DD8D /* recipeData.json in Resources */ = {isa = PBXBuildFile; fileRef = 433D6D7129FFF4B60080DD8D /* recipeData.json */; };
		433D6D8B29FFF4B60080DD8D /* AppleCake-thumb.jpg in Resources */ = {isa = PBXBuildFile; fileRef = 433D6D7229FFF4B60080DD8D /* AppleCake-thumb.jpg */; };
		433D6D8C29FFF4B60080DD8D /* AppleCake.jpg in Resources */ = {isa = PBXBuildFile; fileRef = 433D6D7329FFF4B60080DD8D /* AppleCake.jpg */; };
		433D6D8D29FFF4B60080DD8D /* AppleCake-small.jpg in Resources */ = {isa = PBXBuildFile; fileRef = 433D6D7429FFF4B60080DD8D /* AppleCake-small.jpg */; };
/* End PBXBuildFile section */

/* Begin PBXFileReference section */
		433D6D1A29FFEF7A0080DD8D /* DataFlow.app */ = {isa = PBXFileReference; explicitFileType = wrapper.application; includeInIndex = 0; path = DataFlow.app; sourceTree = BUILT_PRODUCTS_DIR; };
		433D6D1D29FFEF7A0080DD8D /* DataFlowApp.swift */ = {isa = PBXFileReference; lastKnownFileType = sourcecode.swift; path = DataFlowApp.swift; sourceTree = "<group>"; };
		433D6D2129FFEF7B0080DD8D /* Assets.xcassets */ = {isa = PBXFileReference; lastKnownFileType = folder.assetcatalog; path = Assets.xcassets; sourceTree = "<group>"; };
		433D6D2429FFEF7B0080DD8D /* Preview Assets.xcassets */ = {isa = PBXFileReference; lastKnownFileType = folder.assetcatalog; path = "Preview Assets.xcassets"; sourceTree = "<group>"; };
		433D6D2D29FFEFF70080DD8D /* RecipeEditorConfig.swift */ = {isa = PBXFileReference; lastKnownFileType = sourcecode.swift; path = RecipeEditorConfig.swift; sourceTree = "<group>"; };
		433D6D3029FFF0180080DD8D /* Recipe.swift */ = {isa = PBXFileReference; lastKnownFileType = sourcecode.swift; path = Recipe.swift; sourceTree = "<group>"; };
		433D6D3229FFF03B0080DD8D /* ModelHelpers.swift */ = {isa = PBXFileReference; lastKnownFileType = sourcecode.swift; path = ModelHelpers.swift; sourceTree = "<group>"; };
		433D6D3529FFF10B0080DD8D /* SidebarView.swift */ = {isa = PBXFileReference; lastKnownFileType = sourcecode.swift; path = SidebarView.swift; sourceTree = "<group>"; };
		433D6D3729FFF1310080DD8D /* RecipeBox.swift */ = {isa = PBXFileReference; lastKnownFileType = sourcecode.swift; path = RecipeBox.swift; sourceTree = "<group>"; };
		433D6D3929FFF1D60080DD8D /* RecipeEditor.swift */ = {isa = PBXFileReference; lastKnownFileType = sourcecode.swift; path = RecipeEditor.swift; sourceTree = "<group>"; };
		433D6D3B29FFF1EE0080DD8D /* RecipeEditorForm.swift */ = {isa = PBXFileReference; lastKnownFileType = sourcecode.swift; path = RecipeEditorForm.swift; sourceTree = "<group>"; };
		433D6D3E29FFF3040080DD8D /* ContentListView.swift */ = {isa = PBXFileReference; lastKnownFileType = sourcecode.swift; path = ContentListView.swift; sourceTree = "<group>"; };
		433D6D4029FFF31E0080DD8D /* RecipeListView.swift */ = {isa = PBXFileReference; lastKnownFileType = sourcecode.swift; path = RecipeListView.swift; sourceTree = "<group>"; };
		433D6D4229FFF3410080DD8D /* RecipeListItemView.swift */ = {isa = PBXFileReference; lastKnownFileType = sourcecode.swift; path = RecipeListItemView.swift; sourceTree = "<group>"; };
		433D6D4429FFF3F80080DD8D /* DetailView.swift */ = {isa = PBXFileReference; lastKnownFileType = sourcecode.swift; path = DetailView.swift; sourceTree = "<group>"; };
		433D6D4729FFF4290080DD8D /* RecipeDirectionsView.swift */ = {isa = PBXFileReference; fileEncoding = 4; lastKnownFileType = sourcecode.swift; path = RecipeDirectionsView.swift; sourceTree = "<group>"; };
		433D6D4829FFF4290080DD8D /* RecipeDetailToolbar.swift */ = {isa = PBXFileReference; fileEncoding = 4; lastKnownFileType = sourcecode.swift; path = RecipeDetailToolbar.swift; sourceTree = "<group>"; };
		433D6D4929FFF4290080DD8D /* RecipeIngredientsView.swift */ = {isa = PBXFileReference; fileEncoding = 4; lastKnownFileType = sourcecode.swift; path = RecipeIngredientsView.swift; sourceTree = "<group>"; };
		433D6D4A29FFF4290080DD8D /* RecipeNotSelectedView.swift */ = {isa = PBXFileReference; fileEncoding = 4; lastKnownFileType = sourcecode.swift; path = RecipeNotSelectedView.swift; sourceTree = "<group>"; };
		433D6D4B29FFF4290080DD8D /* RecipeDetailView.swift */ = {isa = PBXFileReference; fileEncoding = 4; lastKnownFileType = sourcecode.swift; path = RecipeDetailView.swift; sourceTree = "<group>"; };
		433D6D5229FFF4470080DD8D /* TitleView.swift */ = {isa = PBXFileReference; fileEncoding = 4; lastKnownFileType = sourcecode.swift; path = TitleView.swift; sourceTree = "<group>"; };
		433D6D5329FFF4470080DD8D /* CompactTitleView.swift */ = {isa = PBXFileReference; fileEncoding = 4; lastKnownFileType = sourcecode.swift; path = CompactTitleView.swift; sourceTree = "<group>"; };
		433D6D5429FFF4470080DD8D /* RegularTitleView.swift */ = {isa = PBXFileReference; fileEncoding = 4; lastKnownFileType = sourcecode.swift; path = RegularTitleView.swift; sourceTree = "<group>"; };
		433D6D5929FFF4730080DD8D /* StarRating.swift */ = {isa = PBXFileReference; lastKnownFileType = sourcecode.swift; path = StarRating.swift; sourceTree = "<group>"; };
		433D6D5C29FFF4B60080DD8D /* VegetableDumplings-thumb.jpg */ = {isa = PBXFileReference; lastKnownFileType = image.jpeg; path = "VegetableDumplings-thumb.jpg"; sourceTree = "<group>"; };
		433D6D5D29FFF4B60080DD8D /* VegetableDumplings-small.jpg */ = {isa = PBXFileReference; lastKnownFileType = image.jpeg; path = "VegetableDumplings-small.jpg"; sourceTree = "<group>"; };
		433D6D5E29FFF4B60080DD8D /* MushroomTapioca.jpg */ = {isa = PBXFileReference; lastKnownFileType = image.jpeg; path = MushroomTapioca.jpg; sourceTree = "<group>"; };
		433D6D5F29FFF4B60080DD8D /* ChickpeaCurry.jpg */ = {isa = PBXFileReference; lastKnownFileType = image.jpeg; path = ChickpeaCurry.jpg; sourceTree = "<group>"; };
		433D6D6029FFF4B60080DD8D /* PassionfruitMangoSorbet.jpg */ = {isa = PBXFileReference; lastKnownFileType = image.jpeg; path = PassionfruitMangoSorbet.jpg; sourceTree = "<group>"; };
		433D6D6129FFF4B60080DD8D /* VegetableDumplings.jpg */ = {isa = PBXFileReference; lastKnownFileType = image.jpeg; path = VegetableDumplings.jpg; sourceTree = "<group>"; };
		433D6D6229FFF4B60080DD8D /* MushroomTapioca-thumb.jpg */ = {isa = PBXFileReference; lastKnownFileType = image.jpeg; path = "MushroomTapioca-thumb.jpg"; sourceTree = "<group>"; };
		433D6D6329FFF4B60080DD8D /* PeanutButterTruffles-thumb.jpg */ = {isa = PBXFileReference; lastKnownFileType = image.jpeg; path = "PeanutButterTruffles-thumb.jpg"; sourceTree = "<group>"; };
		433D6D6429FFF4B60080DD8D /* PeanutButterTruffles-small.jpg */ = {isa = PBXFileReference; lastKnownFileType = image.jpeg; path = "PeanutButterTruffles-small.jpg"; sourceTree = "<group>"; };
		433D6D6529FFF4B60080DD8D /* MushroomTapioca-small.jpg */ = {isa = PBXFileReference; lastKnownFileType = image.jpeg; path = "MushroomTapioca-small.jpg"; sourceTree = "<group>"; };
		433D6D6629FFF4B60080DD8D /* PassionfruitMangoSorbet-thumb.jpg */ = {isa = PBXFileReference; lastKnownFileType = image.jpeg; path = "PassionfruitMangoSorbet-thumb.jpg"; sourceTree = "<group>"; };
		433D6D6729FFF4B60080DD8D /* PassionfruitMangoSorbet-small.jpg */ = {isa = PBXFileReference; lastKnownFileType = image.jpeg; path = "PassionfruitMangoSorbet-small.jpg"; sourceTree = "<group>"; };
		433D6D6829FFF4B60080DD8D /* ThreeBeanSalad-small.jpg */ = {isa = PBXFileReference; lastKnownFileType = image.jpeg; path = "ThreeBeanSalad-small.jpg"; sourceTree = "<group>"; };
		433D6D6929FFF4B60080DD8D /* PeanutButterTruffles.jpg */ = {isa = PBXFileReference; lastKnownFileType = image.jpeg; path = PeanutButterTruffles.jpg; sourceTree = "<group>"; };
		433D6D6A29FFF4B60080DD8D /* ThreeBeanSalad-thumb.jpg */ = {isa = PBXFileReference; lastKnownFileType = image.jpeg; path = "ThreeBeanSalad-thumb.jpg"; sourceTree = "<group>"; };
		433D6D6B29FFF4B60080DD8D /* ChickpeaCurry-small.jpg */ = {isa = PBXFileReference; lastKnownFileType = image.jpeg; path = "ChickpeaCurry-small.jpg"; sourceTree = "<group>"; };
		433D6D6C29FFF4B60080DD8D /* ChickpeaCurry-thumb.jpg */ = {isa = PBXFileReference; lastKnownFileType = image.jpeg; path = "ChickpeaCurry-thumb.jpg"; sourceTree = "<group>"; };
		433D6D6D29FFF4B60080DD8D /* SpicyTomatoSauce-small.jpg */ = {isa = PBXFileReference; lastKnownFileType = image.jpeg; path = "SpicyTomatoSauce-small.jpg"; sourceTree = "<group>"; };
		433D6D6E29FFF4B60080DD8D /* SpicyTomatoSauce-thumb.jpg */ = {isa = PBXFileReference; lastKnownFileType = image.jpeg; path = "SpicyTomatoSauce-thumb.jpg"; sourceTree = "<group>"; };
		433D6D6F29FFF4B60080DD8D /* ThreeBeanSalad.jpg */ = {isa = PBXFileReference; lastKnownFileType = image.jpeg; path = ThreeBeanSalad.jpg; sourceTree = "<group>"; };
		433D6D7029FFF4B60080DD8D /* SpicyTomatoSauce.jpg */ = {isa = PBXFileReference; lastKnownFileType = image.jpeg; path = SpicyTomatoSauce.jpg; sourceTree = "<group>"; };
		433D6D7129FFF4B60080DD8D /* recipeData.json */ = {isa = PBXFileReference; fileEncoding = 4; lastKnownFileType = text.json; path = recipeData.json; sourceTree = "<group>"; };
		433D6D7229FFF4B60080DD8D /* AppleCake-thumb.jpg */ = {isa = PBXFileReference; lastKnownFileType = image.jpeg; path = "AppleCake-thumb.jpg"; sourceTree = "<group>"; };
		433D6D7329FFF4B60080DD8D /* AppleCake.jpg */ = {isa = PBXFileReference; lastKnownFileType = image.jpeg; path = AppleCake.jpg; sourceTree = "<group>"; };
		433D6D7429FFF4B60080DD8D /* AppleCake-small.jpg */ = {isa = PBXFileReference; lastKnownFileType = image.jpeg; path = "AppleCake-small.jpg"; sourceTree = "<group>"; };
/* End PBXFileReference section */

/* Begin PBXFrameworksBuildPhase section */
		433D6D1729FFEF7A0080DD8D /* Frameworks */ = {
			isa = PBXFrameworksBuildPhase;
			buildActionMask = 2147483647;
			files = (
			);
			runOnlyForDeploymentPostprocessing = 0;
		};
/* End PBXFrameworksBuildPhase section */

/* Begin PBXGroup section */
		433D6D1129FFEF7A0080DD8D = {
			isa = PBXGroup;
			children = (
				433D6D1C29FFEF7A0080DD8D /* DataFlow */,
				433D6D1B29FFEF7A0080DD8D /* Products */,
			);
			sourceTree = "<group>";
		};
		433D6D1B29FFEF7A0080DD8D /* Products */ = {
			isa = PBXGroup;
			children = (
				433D6D1A29FFEF7A0080DD8D /* DataFlow.app */,
			);
			name = Products;
			sourceTree = "<group>";
		};
		433D6D1C29FFEF7A0080DD8D /* DataFlow */ = {
			isa = PBXGroup;
			children = (
				433D6D5B29FFF4B60080DD8D /* Resources */,
				433D6D2F29FFF00A0080DD8D /* Models */,
				433D6D2B29FFEFE30080DD8D /* Views */,
				433D6D1D29FFEF7A0080DD8D /* DataFlowApp.swift */,
				433D6D2129FFEF7B0080DD8D /* Assets.xcassets */,
				433D6D2329FFEF7B0080DD8D /* Preview Content */,
			);
			path = DataFlow;
			sourceTree = "<group>";
		};
		433D6D2329FFEF7B0080DD8D /* Preview Content */ = {
			isa = PBXGroup;
			children = (
				433D6D2429FFEF7B0080DD8D /* Preview Assets.xcassets */,
			);
			path = "Preview Content";
			sourceTree = "<group>";
		};
		433D6D2B29FFEFE30080DD8D /* Views */ = {
			isa = PBXGroup;
			children = (
				433D6D5829FFF4670080DD8D /* CustomControls */,
				433D6D3429FFF1000080DD8D /* Navigation */,
				433D6D3D29FFF2F10080DD8D /* RecipeContentListViews */,
				433D6D4629FFF4290080DD8D /* RecipeDetailViews */,
				433D6D2C29FFEFE90080DD8D /* RecipeEditor */,
				433D6D5129FFF4470080DD8D /* TitleViews */,
			);
			path = Views;
			sourceTree = "<group>";
		};
		433D6D2C29FFEFE90080DD8D /* RecipeEditor */ = {
			isa = PBXGroup;
			children = (
				433D6D2D29FFEFF70080DD8D /* RecipeEditorConfig.swift */,
				433D6D3929FFF1D60080DD8D /* RecipeEditor.swift */,
				433D6D3B29FFF1EE0080DD8D /* RecipeEditorForm.swift */,
			);
			path = RecipeEditor;
			sourceTree = "<group>";
		};
		433D6D2F29FFF00A0080DD8D /* Models */ = {
			isa = PBXGroup;
			children = (
				433D6D3029FFF0180080DD8D /* Recipe.swift */,
				433D6D3229FFF03B0080DD8D /* ModelHelpers.swift */,
				433D6D3729FFF1310080DD8D /* RecipeBox.swift */,
			);
			path = Models;
			sourceTree = "<group>";
		};
		433D6D3429FFF1000080DD8D /* Navigation */ = {
			isa = PBXGroup;
			children = (
				433D6D3E29FFF3040080DD8D /* ContentListView.swift */,
				433D6D3529FFF10B0080DD8D /* SidebarView.swift */,
				433D6D4429FFF3F80080DD8D /* DetailView.swift */,
			);
			path = Navigation;
			sourceTree = "<group>";
		};
		433D6D3D29FFF2F10080DD8D /* RecipeContentListViews */ = {
			isa = PBXGroup;
			children = (
				433D6D4029FFF31E0080DD8D /* RecipeListView.swift */,
				433D6D4229FFF3410080DD8D /* RecipeListItemView.swift */,
			);
			path = RecipeContentListViews;
			sourceTree = "<group>";
		};
		433D6D4629FFF4290080DD8D /* RecipeDetailViews */ = {
			isa = PBXGroup;
			children = (
				433D6D4729FFF4290080DD8D /* RecipeDirectionsView.swift */,
				433D6D4829FFF4290080DD8D /* RecipeDetailToolbar.swift */,
				433D6D4929FFF4290080DD8D /* RecipeIngredientsView.swift */,
				433D6D4A29FFF4290080DD8D /* RecipeNotSelectedView.swift */,
				433D6D4B29FFF4290080DD8D /* RecipeDetailView.swift */,
			);
			path = RecipeDetailViews;
			sourceTree = "<group>";
		};
		433D6D5129FFF4470080DD8D /* TitleViews */ = {
			isa = PBXGroup;
			children = (
				433D6D5229FFF4470080DD8D /* TitleView.swift */,
				433D6D5329FFF4470080DD8D /* CompactTitleView.swift */,
				433D6D5429FFF4470080DD8D /* RegularTitleView.swift */,
			);
			path = TitleViews;
			sourceTree = "<group>";
		};
		433D6D5829FFF4670080DD8D /* CustomControls */ = {
			isa = PBXGroup;
			children = (
				433D6D5929FFF4730080DD8D /* StarRating.swift */,
			);
			path = CustomControls;
			sourceTree = "<group>";
		};
		433D6D5B29FFF4B60080DD8D /* Resources */ = {
			isa = PBXGroup;
			children = (
				433D6D5C29FFF4B60080DD8D /* VegetableDumplings-thumb.jpg */,
				433D6D5D29FFF4B60080DD8D /* VegetableDumplings-small.jpg */,
				433D6D5E29FFF4B60080DD8D /* MushroomTapioca.jpg */,
				433D6D5F29FFF4B60080DD8D /* ChickpeaCurry.jpg */,
				433D6D6029FFF4B60080DD8D /* PassionfruitMangoSorbet.jpg */,
				433D6D6129FFF4B60080DD8D /* VegetableDumplings.jpg */,
				433D6D6229FFF4B60080DD8D /* MushroomTapioca-thumb.jpg */,
				433D6D6329FFF4B60080DD8D /* PeanutButterTruffles-thumb.jpg */,
				433D6D6429FFF4B60080DD8D /* PeanutButterTruffles-small.jpg */,
				433D6D6529FFF4B60080DD8D /* MushroomTapioca-small.jpg */,
				433D6D6629FFF4B60080DD8D /* PassionfruitMangoSorbet-thumb.jpg */,
				433D6D6729FFF4B60080DD8D /* PassionfruitMangoSorbet-small.jpg */,
				433D6D6829FFF4B60080DD8D /* ThreeBeanSalad-small.jpg */,
				433D6D6929FFF4B60080DD8D /* PeanutButterTruffles.jpg */,
				433D6D6A29FFF4B60080DD8D /* ThreeBeanSalad-thumb.jpg */,
				433D6D6B29FFF4B60080DD8D /* ChickpeaCurry-small.jpg */,
				433D6D6C29FFF4B60080DD8D /* ChickpeaCurry-thumb.jpg */,
				433D6D6D29FFF4B60080DD8D /* SpicyTomatoSauce-small.jpg */,
				433D6D6E29FFF4B60080DD8D /* SpicyTomatoSauce-thumb.jpg */,
				433D6D6F29FFF4B60080DD8D /* ThreeBeanSalad.jpg */,
				433D6D7029FFF4B60080DD8D /* SpicyTomatoSauce.jpg */,
				433D6D7129FFF4B60080DD8D /* recipeData.json */,
				433D6D7229FFF4B60080DD8D /* AppleCake-thumb.jpg */,
				433D6D7329FFF4B60080DD8D /* AppleCake.jpg */,
				433D6D7429FFF4B60080DD8D /* AppleCake-small.jpg */,
			);
			path = Resources;
			sourceTree = "<group>";
		};
/* End PBXGroup section */

/* Begin PBXNativeTarget section */
		433D6D1929FFEF7A0080DD8D /* DataFlow */ = {
			isa = PBXNativeTarget;
			buildConfigurationList = 433D6D2829FFEF7B0080DD8D /* Build configuration list for PBXNativeTarget "DataFlow" */;
			buildPhases = (
				433D6D1629FFEF7A0080DD8D /* Sources */,
				433D6D1729FFEF7A0080DD8D /* Frameworks */,
				433D6D1829FFEF7A0080DD8D /* Resources */,
			);
			buildRules = (
			);
			dependencies = (
			);
			name = DataFlow;
			productName = DataFlow;
			productReference = 433D6D1A29FFEF7A0080DD8D /* DataFlow.app */;
			productType = "com.apple.product-type.application";
		};
/* End PBXNativeTarget section */

/* Begin PBXProject section */
		433D6D1229FFEF7A0080DD8D /* Project object */ = {
			isa = PBXProject;
			attributes = {
				BuildIndependentTargetsInParallel = 1;
				LastSwiftUpdateCheck = 1430;
				LastUpgradeCheck = 1430;
				TargetAttributes = {
					433D6D1929FFEF7A0080DD8D = {
						CreatedOnToolsVersion = 14.3;
					};
				};
			};
			buildConfigurationList = 433D6D1529FFEF7A0080DD8D /* Build configuration list for PBXProject "DataFlow" */;
			compatibilityVersion = "Xcode 14.0";
			developmentRegion = en;
			hasScannedForEncodings = 0;
			knownRegions = (
				en,
				Base,
			);
			mainGroup = 433D6D1129FFEF7A0080DD8D;
			productRefGroup = 433D6D1B29FFEF7A0080DD8D /* Products */;
			projectDirPath = "";
			projectRoot = "";
			targets = (
				433D6D1929FFEF7A0080DD8D /* DataFlow */,
			);
		};
/* End PBXProject section */

/* Begin PBXResourcesBuildPhase section */
		433D6D1829FFEF7A0080DD8D /* Resources */ = {
			isa = PBXResourcesBuildPhase;
			buildActionMask = 2147483647;
			files = (
				433D6D8629FFF4B60080DD8D /* SpicyTomatoSauce-small.jpg in Resources */,
				433D6D8D29FFF4B60080DD8D /* AppleCake-small.jpg in Resources */,
				433D6D7C29FFF4B60080DD8D /* PeanutButterTruffles-thumb.jpg in Resources */,
				433D6D8429FFF4B60080DD8D /* ChickpeaCurry-small.jpg in Resources */,
				433D6D7E29FFF4B60080DD8D /* MushroomTapioca-small.jpg in Resources */,
				433D6D7B29FFF4B60080DD8D /* MushroomTapioca-thumb.jpg in Resources */,
				433D6D8129FFF4B60080DD8D /* ThreeBeanSalad-small.jpg in Resources */,
				433D6D8929FFF4B60080DD8D /* SpicyTomatoSauce.jpg in Resources */,
				433D6D2529FFEF7B0080DD8D /* Preview Assets.xcassets in Resources */,
				433D6D8229FFF4B60080DD8D /* PeanutButterTruffles.jpg in Resources */,
				433D6D8A29FFF4B60080DD8D /* recipeData.json in Resources */,
				433D6D7929FFF4B60080DD8D /* PassionfruitMangoSorbet.jpg in Resources */,
				433D6D7829FFF4B60080DD8D /* ChickpeaCurry.jpg in Resources */,
				433D6D8029FFF4B60080DD8D /* PassionfruitMangoSorbet-small.jpg in Resources */,
				433D6D7D29FFF4B60080DD8D /* PeanutButterTruffles-small.jpg in Resources */,
				433D6D7529FFF4B60080DD8D /* VegetableDumplings-thumb.jpg in Resources */,
				433D6D8B29FFF4B60080DD8D /* AppleCake-thumb.jpg in Resources */,
				433D6D8C29FFF4B60080DD8D /* AppleCake.jpg in Resources */,
				433D6D2229FFEF7B0080DD8D /* Assets.xcassets in Resources */,
				433D6D8329FFF4B60080DD8D /* ThreeBeanSalad-thumb.jpg in Resources */,
				433D6D7629FFF4B60080DD8D /* VegetableDumplings-small.jpg in Resources */,
				433D6D8829FFF4B60080DD8D /* ThreeBeanSalad.jpg in Resources */,
				433D6D7729FFF4B60080DD8D /* MushroomTapioca.jpg in Resources */,
				433D6D7A29FFF4B60080DD8D /* VegetableDumplings.jpg in Resources */,
				433D6D7F29FFF4B60080DD8D /* PassionfruitMangoSorbet-thumb.jpg in Resources */,
				433D6D8529FFF4B60080DD8D /* ChickpeaCurry-thumb.jpg in Resources */,
				433D6D8729FFF4B60080DD8D /* SpicyTomatoSauce-thumb.jpg in Resources */,
			);
			runOnlyForDeploymentPostprocessing = 0;
		};
/* End PBXResourcesBuildPhase section */

/* Begin PBXSourcesBuildPhase section */
		433D6D1629FFEF7A0080DD8D /* Sources */ = {
			isa = PBXSourcesBuildPhase;
			buildActionMask = 2147483647;
			files = (
				433D6D5629FFF4470080DD8D /* CompactTitleView.swift in Sources */,
				433D6D3F29FFF3040080DD8D /* ContentListView.swift in Sources */,
				433D6D4C29FFF4290080DD8D /* RecipeDirectionsView.swift in Sources */,
				433D6D4529FFF3F80080DD8D /* DetailView.swift in Sources */,
				433D6D4F29FFF4290080DD8D /* RecipeNotSelectedView.swift in Sources */,
				433D6D3329FFF03B0080DD8D /* ModelHelpers.swift in Sources */,
				433D6D5529FFF4470080DD8D /* TitleView.swift in Sources */,
				433D6D2E29FFEFF70080DD8D /* RecipeEditorConfig.swift in Sources */,
				433D6D4129FFF31E0080DD8D /* RecipeListView.swift in Sources */,
				433D6D4D29FFF4290080DD8D /* RecipeDetailToolbar.swift in Sources */,
				433D6D4E29FFF4290080DD8D /* RecipeIngredientsView.swift in Sources */,
				433D6D1E29FFEF7A0080DD8D /* DataFlowApp.swift in Sources */,
				433D6D3A29FFF1D60080DD8D /* RecipeEditor.swift in Sources */,
				433D6D3829FFF1310080DD8D /* RecipeBox.swift in Sources */,
				433D6D5A29FFF4730080DD8D /* StarRating.swift in Sources */,
				433D6D3629FFF10B0080DD8D /* SidebarView.swift in Sources */,
				433D6D4329FFF3410080DD8D /* RecipeListItemView.swift in Sources */,
				433D6D5729FFF4470080DD8D /* RegularTitleView.swift in Sources */,
				433D6D3C29FFF1EE0080DD8D /* RecipeEditorForm.swift in Sources */,
				433D6D3129FFF0180080DD8D /* Recipe.swift in Sources */,
				433D6D5029FFF4290080DD8D /* RecipeDetailView.swift in Sources */,
			);
			runOnlyForDeploymentPostprocessing = 0;
		};
/* End PBXSourcesBuildPhase section */

/* Begin XCBuildConfiguration section */
		433D6D2629FFEF7B0080DD8D /* Debug */ = {
			isa = XCBuildConfiguration;
			buildSettings = {
				ALWAYS_SEARCH_USER_PATHS = NO;
				CLANG_ANALYZER_NONNULL = YES;
				CLANG_ANALYZER_NUMBER_OBJECT_CONVERSION = YES_AGGRESSIVE;
				CLANG_CXX_LANGUAGE_STANDARD = "gnu++20";
				CLANG_ENABLE_MODULES = YES;
				CLANG_ENABLE_OBJC_ARC = YES;
				CLANG_ENABLE_OBJC_WEAK = YES;
				CLANG_WARN_BLOCK_CAPTURE_AUTORELEASING = YES;
				CLANG_WARN_BOOL_CONVERSION = YES;
				CLANG_WARN_COMMA = YES;
				CLANG_WARN_CONSTANT_CONVERSION = YES;
				CLANG_WARN_DEPRECATED_OBJC_IMPLEMENTATIONS = YES;
				CLANG_WARN_DIRECT_OBJC_ISA_USAGE = YES_ERROR;
				CLANG_WARN_DOCUMENTATION_COMMENTS = YES;
				CLANG_WARN_EMPTY_BODY = YES;
				CLANG_WARN_ENUM_CONVERSION = YES;
				CLANG_WARN_INFINITE_RECURSION = YES;
				CLANG_WARN_INT_CONVERSION = YES;
				CLANG_WARN_NON_LITERAL_NULL_CONVERSION = YES;
				CLANG_WARN_OBJC_IMPLICIT_RETAIN_SELF = YES;
				CLANG_WARN_OBJC_LITERAL_CONVERSION = YES;
				CLANG_WARN_OBJC_ROOT_CLASS = YES_ERROR;
				CLANG_WARN_QUOTED_INCLUDE_IN_FRAMEWORK_HEADER = YES;
				CLANG_WARN_RANGE_LOOP_ANALYSIS = YES;
				CLANG_WARN_STRICT_PROTOTYPES = YES;
				CLANG_WARN_SUSPICIOUS_MOVE = YES;
				CLANG_WARN_UNGUARDED_AVAILABILITY = YES_AGGRESSIVE;
				CLANG_WARN_UNREACHABLE_CODE = YES;
				CLANG_WARN__DUPLICATE_METHOD_MATCH = YES;
				COPY_PHASE_STRIP = NO;
				DEBUG_INFORMATION_FORMAT = dwarf;
				ENABLE_STRICT_OBJC_MSGSEND = YES;
				ENABLE_TESTABILITY = YES;
				GCC_C_LANGUAGE_STANDARD = gnu11;
				GCC_DYNAMIC_NO_PIC = NO;
				GCC_NO_COMMON_BLOCKS = YES;
				GCC_OPTIMIZATION_LEVEL = 0;
				GCC_PREPROCESSOR_DEFINITIONS = (
					"DEBUG=1",
					"$(inherited)",
				);
				GCC_WARN_64_TO_32_BIT_CONVERSION = YES;
				GCC_WARN_ABOUT_RETURN_TYPE = YES_ERROR;
				GCC_WARN_UNDECLARED_SELECTOR = YES;
				GCC_WARN_UNINITIALIZED_AUTOS = YES_AGGRESSIVE;
				GCC_WARN_UNUSED_FUNCTION = YES;
				GCC_WARN_UNUSED_VARIABLE = YES;
				IPHONEOS_DEPLOYMENT_TARGET = 16.4;
				MTL_ENABLE_DEBUG_INFO = INCLUDE_SOURCE;
				MTL_FAST_MATH = YES;
				ONLY_ACTIVE_ARCH = YES;
				SDKROOT = iphoneos;
				SWIFT_ACTIVE_COMPILATION_CONDITIONS = DEBUG;
				SWIFT_OPTIMIZATION_LEVEL = "-Onone";
			};
			name = Debug;
		};
		433D6D2729FFEF7B0080DD8D /* Release */ = {
			isa = XCBuildConfiguration;
			buildSettings = {
				ALWAYS_SEARCH_USER_PATHS = NO;
				CLANG_ANALYZER_NONNULL = YES;
				CLANG_ANALYZER_NUMBER_OBJECT_CONVERSION = YES_AGGRESSIVE;
				CLANG_CXX_LANGUAGE_STANDARD = "gnu++20";
				CLANG_ENABLE_MODULES = YES;
				CLANG_ENABLE_OBJC_ARC = YES;
				CLANG_ENABLE_OBJC_WEAK = YES;
				CLANG_WARN_BLOCK_CAPTURE_AUTORELEASING = YES;
				CLANG_WARN_BOOL_CONVERSION = YES;
				CLANG_WARN_COMMA = YES;
				CLANG_WARN_CONSTANT_CONVERSION = YES;
				CLANG_WARN_DEPRECATED_OBJC_IMPLEMENTATIONS = YES;
				CLANG_WARN_DIRECT_OBJC_ISA_USAGE = YES_ERROR;
				CLANG_WARN_DOCUMENTATION_COMMENTS = YES;
				CLANG_WARN_EMPTY_BODY = YES;
				CLANG_WARN_ENUM_CONVERSION = YES;
				CLANG_WARN_INFINITE_RECURSION = YES;
				CLANG_WARN_INT_CONVERSION = YES;
				CLANG_WARN_NON_LITERAL_NULL_CONVERSION = YES;
				CLANG_WARN_OBJC_IMPLICIT_RETAIN_SELF = YES;
				CLANG_WARN_OBJC_LITERAL_CONVERSION = YES;
				CLANG_WARN_OBJC_ROOT_CLASS = YES_ERROR;
				CLANG_WARN_QUOTED_INCLUDE_IN_FRAMEWORK_HEADER = YES;
				CLANG_WARN_RANGE_LOOP_ANALYSIS = YES;
				CLANG_WARN_STRICT_PROTOTYPES = YES;
				CLANG_WARN_SUSPICIOUS_MOVE = YES;
				CLANG_WARN_UNGUARDED_AVAILABILITY = YES_AGGRESSIVE;
				CLANG_WARN_UNREACHABLE_CODE = YES;
				CLANG_WARN__DUPLICATE_METHOD_MATCH = YES;
				COPY_PHASE_STRIP = NO;
				DEBUG_INFORMATION_FORMAT = "dwarf-with-dsym";
				ENABLE_NS_ASSERTIONS = NO;
				ENABLE_STRICT_OBJC_MSGSEND = YES;
				GCC_C_LANGUAGE_STANDARD = gnu11;
				GCC_NO_COMMON_BLOCKS = YES;
				GCC_WARN_64_TO_32_BIT_CONVERSION = YES;
				GCC_WARN_ABOUT_RETURN_TYPE = YES_ERROR;
				GCC_WARN_UNDECLARED_SELECTOR = YES;
				GCC_WARN_UNINITIALIZED_AUTOS = YES_AGGRESSIVE;
				GCC_WARN_UNUSED_FUNCTION = YES;
				GCC_WARN_UNUSED_VARIABLE = YES;
				IPHONEOS_DEPLOYMENT_TARGET = 16.4;
				MTL_ENABLE_DEBUG_INFO = NO;
				MTL_FAST_MATH = YES;
				SDKROOT = iphoneos;
				SWIFT_COMPILATION_MODE = wholemodule;
				SWIFT_OPTIMIZATION_LEVEL = "-O";
				VALIDATE_PRODUCT = YES;
			};
			name = Release;
		};
		433D6D2929FFEF7B0080DD8D /* Debug */ = {
			isa = XCBuildConfiguration;
			buildSettings = {
				ASSETCATALOG_COMPILER_APPICON_NAME = AppIcon;
				ASSETCATALOG_COMPILER_GLOBAL_ACCENT_COLOR_NAME = AccentColor;
				CODE_SIGN_STYLE = Automatic;
				CURRENT_PROJECT_VERSION = 1;
				DEVELOPMENT_ASSET_PATHS = "\"DataFlow/Preview Content\"";
				DEVELOPMENT_TEAM = 2L9L899V66;
				ENABLE_PREVIEWS = YES;
				GENERATE_INFOPLIST_FILE = YES;
				INFOPLIST_KEY_UIApplicationSceneManifest_Generation = YES;
				INFOPLIST_KEY_UIApplicationSupportsIndirectInputEvents = YES;
				INFOPLIST_KEY_UILaunchScreen_Generation = YES;
				INFOPLIST_KEY_UISupportedInterfaceOrientations_iPad = "UIInterfaceOrientationPortrait UIInterfaceOrientationPortraitUpsideDown UIInterfaceOrientationLandscapeLeft UIInterfaceOrientationLandscapeRight";
				INFOPLIST_KEY_UISupportedInterfaceOrientations_iPhone = "UIInterfaceOrientationPortrait UIInterfaceOrientationLandscapeLeft UIInterfaceOrientationLandscapeRight";
				LD_RUNPATH_SEARCH_PATHS = (
					"$(inherited)",
					"@executable_path/Frameworks",
				);
				MARKETING_VERSION = 1.0;
				PRODUCT_BUNDLE_IDENTIFIER = com.memtarhan.DataFlow;
				PRODUCT_NAME = "$(TARGET_NAME)";
				SWIFT_EMIT_LOC_STRINGS = YES;
				SWIFT_VERSION = 5.0;
				TARGETED_DEVICE_FAMILY = "1,2";
			};
			name = Debug;
		};
		433D6D2A29FFEF7B0080DD8D /* Release */ = {
			isa = XCBuildConfiguration;
			buildSettings = {
				ASSETCATALOG_COMPILER_APPICON_NAME = AppIcon;
				ASSETCATALOG_COMPILER_GLOBAL_ACCENT_COLOR_NAME = AccentColor;
				CODE_SIGN_STYLE = Automatic;
				CURRENT_PROJECT_VERSION = 1;
				DEVELOPMENT_ASSET_PATHS = "\"DataFlow/Preview Content\"";
				DEVELOPMENT_TEAM = 2L9L899V66;
				ENABLE_PREVIEWS = YES;
				GENERATE_INFOPLIST_FILE = YES;
				INFOPLIST_KEY_UIApplicationSceneManifest_Generation = YES;
				INFOPLIST_KEY_UIApplicationSupportsIndirectInputEvents = YES;
				INFOPLIST_KEY_UILaunchScreen_Generation = YES;
				INFOPLIST_KEY_UISupportedInterfaceOrientations_iPad = "UIInterfaceOrientationPortrait UIInterfaceOrientationPortraitUpsideDown UIInterfaceOrientationLandscapeLeft UIInterfaceOrientationLandscapeRight";
				INFOPLIST_KEY_UISupportedInterfaceOrientations_iPhone = "UIInterfaceOrientationPortrait UIInterfaceOrientationLandscapeLeft UIInterfaceOrientationLandscapeRight";
				LD_RUNPATH_SEARCH_PATHS = (
					"$(inherited)",
					"@executable_path/Frameworks",
				);
				MARKETING_VERSION = 1.0;
				PRODUCT_BUNDLE_IDENTIFIER = com.memtarhan.DataFlow;
				PRODUCT_NAME = "$(TARGET_NAME)";
				SWIFT_EMIT_LOC_STRINGS = YES;
				SWIFT_VERSION = 5.0;
				TARGETED_DEVICE_FAMILY = "1,2";
			};
			name = Release;
		};
/* End XCBuildConfiguration section */

/* Begin XCConfigurationList section */
		433D6D1529FFEF7A0080DD8D /* Build configuration list for PBXProject "DataFlow" */ = {
			isa = XCConfigurationList;
			buildConfigurations = (
				433D6D2629FFEF7B0080DD8D /* Debug */,
				433D6D2729FFEF7B0080DD8D /* Release */,
			);
			defaultConfigurationIsVisible = 0;
			defaultConfigurationName = Release;
		};
		433D6D2829FFEF7B0080DD8D /* Build configuration list for PBXNativeTarget "DataFlow" */ = {
			isa = XCConfigurationList;
			buildConfigurations = (
				433D6D2929FFEF7B0080DD8D /* Debug */,
				433D6D2A29FFEF7B0080DD8D /* Release */,
			);
			defaultConfigurationIsVisible = 0;
			defaultConfigurationName = Release;
		};
/* End XCConfigurationList section */
	};
	rootObject = 433D6D1229FFEF7A0080DD8D /* Project object */;
}
